
Microsoft Visual Studio Solution File, Format Version 12.00
# Visual Studio Version 17
VisualStudioVersion = 17.8.34330.188
MinimumVisualStudioVersion = 10.0.40219.1
Project("{FAE04EC0-301F-11D3-BF4B-00C04F79EFBC}") = "WegBierCameraTool", "WegBierCameraTool\WegBierCameraTool.csproj", "{1618720A-302C-4BBC-B0AB-687E13AB1341}"
EndProject
Global
	GlobalSection(SolutionConfigurationPlatforms) = preSolution
		Debug|Any CPU = Debug|Any CPU
		Release|Any CPU = Release|Any CPU
	EndGlobalSection
	GlobalSection(ProjectConfigurationPlatforms) = postSolution
		{1618720A-302C-4BBC-B0AB-687E13AB1341}.Debug|Any CPU.ActiveCfg = Debug|Any CPU
		{1618720A-302C-4BBC-B0AB-687E13AB1341}.Debug|Any CPU.Build.0 = Debug|Any CPU
		{1618720A-302C-4BBC-B0AB-687E13AB1341}.Release|Any CPU.ActiveCfg = Release|Any CPU
		{1618720A-302C-4BBC-B0AB-687E13AB1341}.Release|Any CPU.Build.0 = Release|Any CPU
	EndGlobalSection
	GlobalSection(SolutionProperties) = preSolution
		HideSolutionNode = FALSE
	EndGlobalSection
	GlobalSection(ExtensibilityGlobals) = postSolution
		SolutionGuid = {FDB3687E-3987-4EED-88B2-B0304930172B}
	EndGlobalSection
EndGlobal
